
Microsoft Visual Studio Solution File, Format Version 12.00
# Visual Studio Version 16
VisualStudioVersion = 16.0.29123.88
MinimumVisualStudioVersion = 10.0.40219.1
Project("{FAE04EC0-301F-11D3-BF4B-00C04F79EFBC}") = "Amazon", "Amazon\Amazon.csproj", "{F407F23F-E721-4949-83C0-A74D4FC330B3}"
EndProject
Global
	GlobalSection(SolutionConfigurationPlatforms) = preSolution
		Debug|Any CPU = Debug|Any CPU
		Release|Any CPU = Release|Any CPU
	EndGlobalSection
	GlobalSection(ProjectConfigurationPlatforms) = postSolution
		{F407F23F-E721-4949-83C0-A74D4FC330B3}.Debug|Any CPU.ActiveCfg = Debug|Any CPU
		{F407F23F-E721-4949-83C0-A74D4FC330B3}.Debug|Any CPU.Build.0 = Debug|Any CPU
		{F407F23F-E721-4949-83C0-A74D4FC330B3}.Release|Any CPU.ActiveCfg = Release|Any CPU
		{F407F23F-E721-4949-83C0-A74D4FC330B3}.Release|Any CPU.Build.0 = Release|Any CPU
	EndGlobalSection
	GlobalSection(SolutionProperties) = preSolution
		HideSolutionNode = FALSE
	EndGlobalSection
	GlobalSection(ExtensibilityGlobals) = postSolution
		SolutionGuid = {F728CCE2-D4B5-4F8F-BAE2-9BEB6C562C31}
	EndGlobalSection
EndGlobal
